
Microsoft Visual Studio Solution File, Format Version 12.00
# Visual Studio Version 16
VisualStudioVersion = 16.0.32901.82
MinimumVisualStudioVersion = 10.0.40219.1
Project("{FAE04EC0-301F-11D3-BF4B-00C04F79EFBC}") = "FormSendMessageService", "FormSendMessage\FormSendMessageService.csproj", "{3D4A0EDA-7964-410F-8A50-93F5B361AE2F}"
EndProject
Project("{FAE04EC0-301F-11D3-BF4B-00C04F79EFBC}") = "WindowsFormsAppSendMessage", "WindowsFormsAppSendMessage\WindowsFormsAppSendMessage.csproj", "{3F6FD4D4-4C3C-4C0F-AF00-FA6CA628CE3D}"
EndProject
Project("{FAE04EC0-301F-11D3-BF4B-00C04F79EFBC}") = "apiTwilio", "apiTwilio\apiTwilio.csproj", "{9AD4A29B-9B36-42B6-BF10-4CE6C6AB117E}"
EndProject
Global
	GlobalSection(SolutionConfigurationPlatforms) = preSolution
		Debug|Any CPU = Debug|Any CPU
		Debug|ARM = Debug|ARM
		Debug|ARM64 = Debug|ARM64
		Debug|x64 = Debug|x64
		Debug|x86 = Debug|x86
		Release|Any CPU = Release|Any CPU
		Release|ARM = Release|ARM
		Release|ARM64 = Release|ARM64
		Release|x64 = Release|x64
		Release|x86 = Release|x86
	EndGlobalSection
	GlobalSection(ProjectConfigurationPlatforms) = postSolution
		{3D4A0EDA-7964-410F-8A50-93F5B361AE2F}.Debug|Any CPU.ActiveCfg = Debug|Any CPU
		{3D4A0EDA-7964-410F-8A50-93F5B361AE2F}.Debug|Any CPU.Build.0 = Debug|Any CPU
		{3D4A0EDA-7964-410F-8A50-93F5B361AE2F}.Debug|ARM.ActiveCfg = Debug|Any CPU
		{3D4A0EDA-7964-410F-8A50-93F5B361AE2F}.Debug|ARM.Build.0 = Debug|Any CPU
		{3D4A0EDA-7964-410F-8A50-93F5B361AE2F}.Debug|ARM64.ActiveCfg = Debug|Any CPU
		{3D4A0EDA-7964-410F-8A50-93F5B361AE2F}.Debug|ARM64.Build.0 = Debug|Any CPU
		{3D4A0EDA-7964-410F-8A50-93F5B361AE2F}.Debug|x64.ActiveCfg = Debug|Any CPU
		{3D4A0EDA-7964-410F-8A50-93F5B361AE2F}.Debug|x64.Build.0 = Debug|Any CPU
		{3D4A0EDA-7964-410F-8A50-93F5B361AE2F}.Debug|x86.ActiveCfg = Debug|Any CPU
		{3D4A0EDA-7964-410F-8A50-93F5B361AE2F}.Debug|x86.Build.0 = Debug|Any CPU
		{3D4A0EDA-7964-410F-8A50-93F5B361AE2F}.Release|Any CPU.ActiveCfg = Release|Any CPU
		{3D4A0EDA-7964-410F-8A50-93F5B361AE2F}.Release|Any CPU.Build.0 = Release|Any CPU
		{3D4A0EDA-7964-410F-8A50-93F5B361AE2F}.Release|ARM.ActiveCfg = Release|Any CPU
		{3D4A0EDA-7964-410F-8A50-93F5B361AE2F}.Release|ARM.Build.0 = Release|Any CPU
		{3D4A0EDA-7964-410F-8A50-93F5B361AE2F}.Release|ARM64.ActiveCfg = Release|Any CPU
		{3D4A0EDA-7964-410F-8A50-93F5B361AE2F}.Release|ARM64.Build.0 = Release|Any CPU
		{3D4A0EDA-7964-410F-8A50-93F5B361AE2F}.Release|x64.ActiveCfg = Release|Any CPU
		{3D4A0EDA-7964-410F-8A50-93F5B361AE2F}.Release|x64.Build.0 = Release|Any CPU
		{3D4A0EDA-7964-410F-8A50-93F5B361AE2F}.Release|x86.ActiveCfg = Release|Any CPU
		{3D4A0EDA-7964-410F-8A50-93F5B361AE2F}.Release|x86.Build.0 = Release|Any CPU
		{3F6FD4D4-4C3C-4C0F-AF00-FA6CA628CE3D}.Debug|Any CPU.ActiveCfg = Debug|Any CPU
		{3F6FD4D4-4C3C-4C0F-AF00-FA6CA628CE3D}.Debug|Any CPU.Build.0 = Debug|Any CPU
		{3F6FD4D4-4C3C-4C0F-AF00-FA6CA628CE3D}.Debug|ARM.ActiveCfg = Debug|Any CPU
		{3F6FD4D4-4C3C-4C0F-AF00-FA6CA628CE3D}.Debug|ARM.Build.0 = Debug|Any CPU
		{3F6FD4D4-4C3C-4C0F-AF00-FA6CA628CE3D}.Debug|ARM64.ActiveCfg = Debug|Any CPU
		{3F6FD4D4-4C3C-4C0F-AF00-FA6CA628CE3D}.Debug|ARM64.Build.0 = Debug|Any CPU
		{3F6FD4D4-4C3C-4C0F-AF00-FA6CA628CE3D}.Debug|x64.ActiveCfg = Debug|Any CPU
		{3F6FD4D4-4C3C-4C0F-AF00-FA6CA628CE3D}.Debug|x64.Build.0 = Debug|Any CPU
		{3F6FD4D4-4C3C-4C0F-AF00-FA6CA628CE3D}.Debug|x86.ActiveCfg = Debug|Any CPU
		{3F6FD4D4-4C3C-4C0F-AF00-FA6CA628CE3D}.Debug|x86.Build.0 = Debug|Any CPU
		{3F6FD4D4-4C3C-4C0F-AF00-FA6CA628CE3D}.Release|Any CPU.ActiveCfg = Release|Any CPU
		{3F6FD4D4-4C3C-4C0F-AF00-FA6CA628CE3D}.Release|Any CPU.Build.0 = Release|Any CPU
		{3F6FD4D4-4C3C-4C0F-AF00-FA6CA628CE3D}.Release|ARM.ActiveCfg = Release|Any CPU
		{3F6FD4D4-4C3C-4C0F-AF00-FA6CA628CE3D}.Release|ARM.Build.0 = Release|Any CPU
		{3F6FD4D4-4C3C-4C0F-AF00-FA6CA628CE3D}.Release|ARM64.ActiveCfg = Release|Any CPU
		{3F6FD4D4-4C3C-4C0F-AF00-FA6CA628CE3D}.Release|ARM64.Build.0 = Release|Any CPU
		{3F6FD4D4-4C3C-4C0F-AF00-FA6CA628CE3D}.Release|x64.ActiveCfg = Release|Any CPU
		{3F6FD4D4-4C3C-4C0F-AF00-FA6CA628CE3D}.Release|x64.Build.0 = Release|Any CPU
		{3F6FD4D4-4C3C-4C0F-AF00-FA6CA628CE3D}.Release|x86.ActiveCfg = Release|Any CPU
		{3F6FD4D4-4C3C-4C0F-AF00-FA6CA628CE3D}.Release|x86.Build.0 = Release|Any CPU
		{9AD4A29B-9B36-42B6-BF10-4CE6C6AB117E}.Debug|Any CPU.ActiveCfg = Debug|Any CPU
		{9AD4A29B-9B36-42B6-BF10-4CE6C6AB117E}.Debug|Any CPU.Build.0 = Debug|Any CPU
		{9AD4A29B-9B36-42B6-BF10-4CE6C6AB117E}.Debug|ARM.ActiveCfg = Debug|Any CPU
		{9AD4A29B-9B36-42B6-BF10-4CE6C6AB117E}.Debug|ARM.Build.0 = Debug|Any CPU
		{9AD4A29B-9B36-42B6-BF10-4CE6C6AB117E}.Debug|ARM64.ActiveCfg = Debug|Any CPU
		{9AD4A29B-9B36-42B6-BF10-4CE6C6AB117E}.Debug|ARM64.Build.0 = Debug|Any CPU
		{9AD4A29B-9B36-42B6-BF10-4CE6C6AB117E}.Debug|x64.ActiveCfg = Debug|Any CPU
		{9AD4A29B-9B36-42B6-BF10-4CE6C6AB117E}.Debug|x64.Build.0 = Debug|Any CPU
		{9AD4A29B-9B36-42B6-BF10-4CE6C6AB117E}.Debug|x86.ActiveCfg = Debug|Any CPU
		{9AD4A29B-9B36-42B6-BF10-4CE6C6AB117E}.Debug|x86.Build.0 = Debug|Any CPU
		{9AD4A29B-9B36-42B6-BF10-4CE6C6AB117E}.Release|Any CPU.ActiveCfg = Release|Any CPU
		{9AD4A29B-9B36-42B6-BF10-4CE6C6AB117E}.Release|Any CPU.Build.0 = Release|Any CPU
		{9AD4A29B-9B36-42B6-BF10-4CE6C6AB117E}.Release|ARM.ActiveCfg = Release|Any CPU
		{9AD4A29B-9B36-42B6-BF10-4CE6C6AB117E}.Release|ARM.Build.0 = Release|Any CPU
		{9AD4A29B-9B36-42B6-BF10-4CE6C6AB117E}.Release|ARM64.ActiveCfg = Release|Any CPU
		{9AD4A29B-9B36-42B6-BF10-4CE6C6AB117E}.Release|ARM64.Build.0 = Release|Any CPU
		{9AD4A29B-9B36-42B6-BF10-4CE6C6AB117E}.Release|x64.ActiveCfg = Release|Any CPU
		{9AD4A29B-9B36-42B6-BF10-4CE6C6AB117E}.Release|x64.Build.0 = Release|Any CPU
		{9AD4A29B-9B36-42B6-BF10-4CE6C6AB117E}.Release|x86.ActiveCfg = Release|Any CPU
		{9AD4A29B-9B36-42B6-BF10-4CE6C6AB117E}.Release|x86.Build.0 = Release|Any CPU
	EndGlobalSection
	GlobalSection(SolutionProperties) = preSolution
		HideSolutionNode = FALSE
	EndGlobalSection
	GlobalSection(ExtensibilityGlobals) = postSolution
		SolutionGuid = {9A53A1A8-E6C7-46D2-9034-431A9FDD468D}
	EndGlobalSection
EndGlobal
